{
    "hash": "2727b37dd251a5b4caffb15f9216612e",
    "packages": [
        {
            "package": "doctrine/common",
            "version": "2.1.x-dev",
            "source-reference": "41794945e795e108060eddb3342c9e13524b9b3e"
        },
        {
            "package": "doctrine/dbal",
            "version": "2.1.x-dev",
            "source-reference": "9d3625eeb1f7c840d3897d8961e977b554276a1d"
        },
        {
            "package": "doctrine/orm",
            "version": "2.1.x-dev",
            "source-reference": "07ee8c524984c425dade9baf39911a68c3a9b22a"
        },
        {
            "package": "gedmo/doctrine-extensions",
            "version": "2.2.x-dev",
            "source-reference": "v2.2.2"
        },
        {
            "package": "kriswallsmith/assetic",
            "version": "1.0.x-dev",
            "source-reference": "0e2f7d4e1658a3ec818fab289af5b99ac3e98e9c"
        },
        {
            "package": "kriswallsmith/buzz",
            "version": "v0.5"
        },
        {
            "package": "monolog/monolog",
            "version": "1.1.0"
        },
        {
            "package": "odalisk/knpradbundle",
            "version": "1.0"
        },
        {
            "package": "sensio/buzz-bundle",
            "version": "dev-master",
            "source-reference": "c8c0ef65768fddfa28e41cb513b0b9b4dec04ee6"
        },
        {
            "package": "sensio/generator-bundle",
            "version": "2.0.x-dev",
            "source-reference": "83b768a487a6878f2bc2ad6859bd61a3651a7885"
        },
        {
            "package": "stof/doctrine-extensions-bundle",
            "version": "1.0.2"
        },
        {
            "package": "swiftmailer/swiftmailer",
            "version": "dev-master",
            "source-reference": "57789082d1d53529dcf8cd3ca132d9787a59afee",
            "alias": "4.1.9999999.9999999-dev"
        },
        {
            "package": "symfony/assetic-bundle",
            "version": "2.0.x-dev",
            "source-reference": "3515e6f0ab1e628bd9208a0d4316d011511a99cb"
        },
        {
            "package": "symfony/symfony",
            "version": "2.0.x-dev",
            "source-reference": "ec45169f4f2cbaa428999c7f1602810807ee0f60"
        },
        {
            "package": "twig/extensions",
            "version": "dev-master",
            "source-reference": "446d870272cd87a720e95242eade38a2acf56eaa"
        },
        {
            "package": "twig/twig",
            "version": "dev-master",
            "source-reference": "d661c2a2f654ba8f2bddeeac0b8a80dcd59649ab",
            "alias": "1.9.9999999.9999999-dev"
        }
    ],
    "packages-dev": null,
    "aliases": [

    ]
}
